// !$*UTF8*$!
{
	archiveVersion = 1;
	classes = {
	};
	objectVersion = 50;
	objects = {

/* Begin PBXBuildFile section */
		E912AFB423992D0700DF8D83 /* IssuesViewModel.swift in Sources */ = {isa = PBXBuildFile; fileRef = E912AFB323992D0700DF8D83 /* IssuesViewModel.swift */; };
		E912AFB7239976B200DF8D83 /* IssueModel.swift in Sources */ = {isa = PBXBuildFile; fileRef = E912AFB6239976B200DF8D83 /* IssueModel.swift */; };
		E921C1D82397FBA9007EB4F5 /* AppDelegate.swift in Sources */ = {isa = PBXBuildFile; fileRef = E921C1D72397FBA9007EB4F5 /* AppDelegate.swift */; };
		E921C1DA2397FBA9007EB4F5 /* SceneDelegate.swift in Sources */ = {isa = PBXBuildFile; fileRef = E921C1D92397FBA9007EB4F5 /* SceneDelegate.swift */; };
		E921C1DF2397FBA9007EB4F5 /* Main.storyboard in Resources */ = {isa = PBXBuildFile; fileRef = E921C1DD2397FBA9007EB4F5 /* Main.storyboard */; };
		E921C1E22397FBA9007EB4F5 /* GithubSample.xcdatamodeld in Sources */ = {isa = PBXBuildFile; fileRef = E921C1E02397FBA9007EB4F5 /* GithubSample.xcdatamodeld */; };
		E921C1E42397FBAA007EB4F5 /* Assets.xcassets in Resources */ = {isa = PBXBuildFile; fileRef = E921C1E32397FBAA007EB4F5 /* Assets.xcassets */; };
		E921C1E72397FBAA007EB4F5 /* LaunchScreen.storyboard in Resources */ = {isa = PBXBuildFile; fileRef = E921C1E52397FBAA007EB4F5 /* LaunchScreen.storyboard */; };
		E921C1F1239819D1007EB4F5 /* RequestSchema.swift in Sources */ = {isa = PBXBuildFile; fileRef = E921C1F0239819D1007EB4F5 /* RequestSchema.swift */; };
		E921C1F3239819E4007EB4F5 /* HttpMethod.swift in Sources */ = {isa = PBXBuildFile; fileRef = E921C1F2239819E4007EB4F5 /* HttpMethod.swift */; };
		E921C1F523981A1D007EB4F5 /* RequestTaskType.swift in Sources */ = {isa = PBXBuildFile; fileRef = E921C1F423981A1D007EB4F5 /* RequestTaskType.swift */; };
		E921C1F723981A3B007EB4F5 /* APIResponse.swift in Sources */ = {isa = PBXBuildFile; fileRef = E921C1F623981A3B007EB4F5 /* APIResponse.swift */; };
		E921C1FA23981AF5007EB4F5 /* ParameterEncoding.swift in Sources */ = {isa = PBXBuildFile; fileRef = E921C1F923981AF5007EB4F5 /* ParameterEncoding.swift */; };
		E921C1FC23981C45007EB4F5 /* URLParameterEncoder.swift in Sources */ = {isa = PBXBuildFile; fileRef = E921C1FB23981C45007EB4F5 /* URLParameterEncoder.swift */; };
		E921C1FF23981D1C007EB4F5 /* Router.swift in Sources */ = {isa = PBXBuildFile; fileRef = E921C1FE23981D1C007EB4F5 /* Router.swift */; };
		E921C20323981DCF007EB4F5 /* Environment.swift in Sources */ = {isa = PBXBuildFile; fileRef = E921C20223981DCF007EB4F5 /* Environment.swift */; };
		E9AC6EE22398AD070054B0C4 /* IssuesEndPoint.swift in Sources */ = {isa = PBXBuildFile; fileRef = E9AC6EE12398AD070054B0C4 /* IssuesEndPoint.swift */; };
		E9AC6EE42398B8970054B0C4 /* FetchIssuesHandler.swift in Sources */ = {isa = PBXBuildFile; fileRef = E9AC6EE32398B8970054B0C4 /* FetchIssuesHandler.swift */; };
		E9F3A6A4239A2A46004F498C /* CustomSegment.swift in Sources */ = {isa = PBXBuildFile; fileRef = E9F3A6A3239A2A46004F498C /* CustomSegment.swift */; };
		E9F3A6A6239A2BD1004F498C /* IssuesListViewController.swift in Sources */ = {isa = PBXBuildFile; fileRef = E9F3A6A5239A2BD1004F498C /* IssuesListViewController.swift */; };
		E9F3A6AA239A2E3C004F498C /* DetailViewController.swift in Sources */ = {isa = PBXBuildFile; fileRef = E9F3A6A9239A2E3C004F498C /* DetailViewController.swift */; };
		E9F3A6AE239A36D8004F498C /* IssuesCollectionViewCell.swift in Sources */ = {isa = PBXBuildFile; fileRef = E9F3A6AC239A36D8004F498C /* IssuesCollectionViewCell.swift */; };
		E9F3A6AF239A36D8004F498C /* IssuesCollectionViewCell.xib in Resources */ = {isa = PBXBuildFile; fileRef = E9F3A6AD239A36D8004F498C /* IssuesCollectionViewCell.xib */; };
		E9F3A6B9239A9D09004F498C /* Constants.swift in Sources */ = {isa = PBXBuildFile; fileRef = E9F3A6B8239A9D09004F498C /* Constants.swift */; };
/* End PBXBuildFile section */

/* Begin PBXFileReference section */
		E912AFB323992D0700DF8D83 /* IssuesViewModel.swift */ = {isa = PBXFileReference; lastKnownFileType = sourcecode.swift; path = IssuesViewModel.swift; sourceTree = "<group>"; };
		E912AFB6239976B200DF8D83 /* IssueModel.swift */ = {isa = PBXFileReference; lastKnownFileType = sourcecode.swift; path = IssueModel.swift; sourceTree = "<group>"; };
		E921C1D42397FBA9007EB4F5 /* GithubSample.app */ = {isa = PBXFileReference; explicitFileType = wrapper.application; includeInIndex = 0; path = GithubSample.app; sourceTree = BUILT_PRODUCTS_DIR; };
		E921C1D72397FBA9007EB4F5 /* AppDelegate.swift */ = {isa = PBXFileReference; lastKnownFileType = sourcecode.swift; path = AppDelegate.swift; sourceTree = "<group>"; };
		E921C1D92397FBA9007EB4F5 /* SceneDelegate.swift */ = {isa = PBXFileReference; lastKnownFileType = sourcecode.swift; path = SceneDelegate.swift; sourceTree = "<group>"; };
		E921C1DE2397FBA9007EB4F5 /* Base */ = {isa = PBXFileReference; lastKnownFileType = file.storyboard; name = Base; path = Base.lproj/Main.storyboard; sourceTree = "<group>"; };
		E921C1E12397FBA9007EB4F5 /* GithubSample.xcdatamodel */ = {isa = PBXFileReference; lastKnownFileType = wrapper.xcdatamodel; path = GithubSample.xcdatamodel; sourceTree = "<group>"; };
		E921C1E32397FBAA007EB4F5 /* Assets.xcassets */ = {isa = PBXFileReference; lastKnownFileType = folder.assetcatalog; path = Assets.xcassets; sourceTree = "<group>"; };
		E921C1E62397FBAA007EB4F5 /* Base */ = {isa = PBXFileReference; lastKnownFileType = file.storyboard; name = Base; path = Base.lproj/LaunchScreen.storyboard; sourceTree = "<group>"; };
		E921C1E82397FBAA007EB4F5 /* Info.plist */ = {isa = PBXFileReference; lastKnownFileType = text.plist.xml; path = Info.plist; sourceTree = "<group>"; };
		E921C1F0239819D1007EB4F5 /* RequestSchema.swift */ = {isa = PBXFileReference; lastKnownFileType = sourcecode.swift; path = RequestSchema.swift; sourceTree = "<group>"; };
		E921C1F2239819E4007EB4F5 /* HttpMethod.swift */ = {isa = PBXFileReference; lastKnownFileType = sourcecode.swift; path = HttpMethod.swift; sourceTree = "<group>"; };
		E921C1F423981A1D007EB4F5 /* RequestTaskType.swift */ = {isa = PBXFileReference; lastKnownFileType = sourcecode.swift; path = RequestTaskType.swift; sourceTree = "<group>"; };
		E921C1F623981A3B007EB4F5 /* APIResponse.swift */ = {isa = PBXFileReference; lastKnownFileType = sourcecode.swift; path = APIResponse.swift; sourceTree = "<group>"; };
		E921C1F923981AF5007EB4F5 /* ParameterEncoding.swift */ = {isa = PBXFileReference; lastKnownFileType = sourcecode.swift; path = ParameterEncoding.swift; sourceTree = "<group>"; };
		E921C1FB23981C45007EB4F5 /* URLParameterEncoder.swift */ = {isa = PBXFileReference; lastKnownFileType = sourcecode.swift; path = URLParameterEncoder.swift; sourceTree = "<group>"; };
		E921C1FE23981D1C007EB4F5 /* Router.swift */ = {isa = PBXFileReference; lastKnownFileType = sourcecode.swift; path = Router.swift; sourceTree = "<group>"; };
		E921C20223981DCF007EB4F5 /* Environment.swift */ = {isa = PBXFileReference; lastKnownFileType = sourcecode.swift; path = Environment.swift; sourceTree = "<group>"; };
		E9AC6EE12398AD070054B0C4 /* IssuesEndPoint.swift */ = {isa = PBXFileReference; lastKnownFileType = sourcecode.swift; path = IssuesEndPoint.swift; sourceTree = "<group>"; };
		E9AC6EE32398B8970054B0C4 /* FetchIssuesHandler.swift */ = {isa = PBXFileReference; lastKnownFileType = sourcecode.swift; path = FetchIssuesHandler.swift; sourceTree = "<group>"; };
		E9F3A6A3239A2A46004F498C /* CustomSegment.swift */ = {isa = PBXFileReference; lastKnownFileType = sourcecode.swift; path = CustomSegment.swift; sourceTree = "<group>"; };
		E9F3A6A5239A2BD1004F498C /* IssuesListViewController.swift */ = {isa = PBXFileReference; lastKnownFileType = sourcecode.swift; path = IssuesListViewController.swift; sourceTree = "<group>"; };
		E9F3A6A9239A2E3C004F498C /* DetailViewController.swift */ = {isa = PBXFileReference; lastKnownFileType = sourcecode.swift; path = DetailViewController.swift; sourceTree = "<group>"; };
		E9F3A6AC239A36D8004F498C /* IssuesCollectionViewCell.swift */ = {isa = PBXFileReference; lastKnownFileType = sourcecode.swift; path = IssuesCollectionViewCell.swift; sourceTree = "<group>"; };
		E9F3A6AD239A36D8004F498C /* IssuesCollectionViewCell.xib */ = {isa = PBXFileReference; lastKnownFileType = file.xib; path = IssuesCollectionViewCell.xib; sourceTree = "<group>"; };
		E9F3A6B8239A9D09004F498C /* Constants.swift */ = {isa = PBXFileReference; lastKnownFileType = sourcecode.swift; path = Constants.swift; sourceTree = "<group>"; };
/* End PBXFileReference section */

/* Begin PBXFrameworksBuildPhase section */
		E921C1D12397FBA9007EB4F5 /* Frameworks */ = {
			isa = PBXFrameworksBuildPhase;
			buildActionMask = 2147483647;
			files = (
			);
			runOnlyForDeploymentPostprocessing = 0;
		};
/* End PBXFrameworksBuildPhase section */

/* Begin PBXGroup section */
		E912AFB223992CD700DF8D83 /* ViewModel */ = {
			isa = PBXGroup;
			children = (
				E912AFB323992D0700DF8D83 /* IssuesViewModel.swift */,
			);
			path = ViewModel;
			sourceTree = "<group>";
		};
		E912AFB52399767800DF8D83 /* Model */ = {
			isa = PBXGroup;
			children = (
				E912AFB6239976B200DF8D83 /* IssueModel.swift */,
			);
			path = Model;
			sourceTree = "<group>";
		};
		E921C1CB2397FBA9007EB4F5 = {
			isa = PBXGroup;
			children = (
				E921C1D62397FBA9007EB4F5 /* GithubSample */,
				E921C1D52397FBA9007EB4F5 /* Products */,
			);
			sourceTree = "<group>";
		};
		E921C1D52397FBA9007EB4F5 /* Products */ = {
			isa = PBXGroup;
			children = (
				E921C1D42397FBA9007EB4F5 /* GithubSample.app */,
			);
			name = Products;
			sourceTree = "<group>";
		};
		E921C1D62397FBA9007EB4F5 /* GithubSample */ = {
			isa = PBXGroup;
			children = (
				E921C1D72397FBA9007EB4F5 /* AppDelegate.swift */,
				E921C1D92397FBA9007EB4F5 /* SceneDelegate.swift */,
				E9F3A6B7239A9CEF004F498C /* Utils */,
				E9F3A6A8239A2E15004F498C /* ViewControllers */,
				E9F3A6A2239A2A13004F498C /* CustomView */,
				E912AFB52399767800DF8D83 /* Model */,
				E912AFB223992CD700DF8D83 /* ViewModel */,
				E921C1EE2398193B007EB4F5 /* NetworkLayer */,
				E921C1DD2397FBA9007EB4F5 /* Main.storyboard */,
				E921C1E32397FBAA007EB4F5 /* Assets.xcassets */,
				E921C1E52397FBAA007EB4F5 /* LaunchScreen.storyboard */,
				E921C1E82397FBAA007EB4F5 /* Info.plist */,
				E921C1E02397FBA9007EB4F5 /* GithubSample.xcdatamodeld */,
			);
			path = GithubSample;
			sourceTree = "<group>";
		};
		E921C1EE2398193B007EB4F5 /* NetworkLayer */ = {
			isa = PBXGroup;
			children = (
				E9AC6EE02398ACB40054B0C4 /* APIHandler */,
				E9AC6EDF2398ACA30054B0C4 /* APIEndPoint */,
				E921C1FD23981D0A007EB4F5 /* Router */,
				E921C1F823981AD5007EB4F5 /* ParameterEncoding */,
				E921C1EF23981952007EB4F5 /* RequestManager */,
			);
			path = NetworkLayer;
			sourceTree = "<group>";
		};
		E921C1EF23981952007EB4F5 /* RequestManager */ = {
			isa = PBXGroup;
			children = (
				E921C1F0239819D1007EB4F5 /* RequestSchema.swift */,
				E921C1F2239819E4007EB4F5 /* HttpMethod.swift */,
				E921C1F423981A1D007EB4F5 /* RequestTaskType.swift */,
				E921C1F623981A3B007EB4F5 /* APIResponse.swift */,
			);
			path = RequestManager;
			sourceTree = "<group>";
		};
		E921C1F823981AD5007EB4F5 /* ParameterEncoding */ = {
			isa = PBXGroup;
			children = (
				E921C1F923981AF5007EB4F5 /* ParameterEncoding.swift */,
				E921C1FB23981C45007EB4F5 /* URLParameterEncoder.swift */,
			);
			path = ParameterEncoding;
			sourceTree = "<group>";
		};
		E921C1FD23981D0A007EB4F5 /* Router */ = {
			isa = PBXGroup;
			children = (
				E921C1FE23981D1C007EB4F5 /* Router.swift */,
				E921C20223981DCF007EB4F5 /* Environment.swift */,
			);
			path = Router;
			sourceTree = "<group>";
		};
		E9AC6EDF2398ACA30054B0C4 /* APIEndPoint */ = {
			isa = PBXGroup;
			children = (
				E9AC6EE12398AD070054B0C4 /* IssuesEndPoint.swift */,
			);
			path = APIEndPoint;
			sourceTree = "<group>";
		};
		E9AC6EE02398ACB40054B0C4 /* APIHandler */ = {
			isa = PBXGroup;
			children = (
				E9AC6EE32398B8970054B0C4 /* FetchIssuesHandler.swift */,
			);
			path = APIHandler;
			sourceTree = "<group>";
		};
		E9F3A6A2239A2A13004F498C /* CustomView */ = {
			isa = PBXGroup;
			children = (
				E9F3A6A3239A2A46004F498C /* CustomSegment.swift */,
				E9F3A6AB239A366A004F498C /* CollectionViewCell */,
			);
			path = CustomView;
			sourceTree = "<group>";
		};
		E9F3A6A8239A2E15004F498C /* ViewControllers */ = {
			isa = PBXGroup;
			children = (
				E9F3A6A5239A2BD1004F498C /* IssuesListViewController.swift */,
				E9F3A6A9239A2E3C004F498C /* DetailViewController.swift */,
			);
			path = ViewControllers;
			sourceTree = "<group>";
		};
		E9F3A6AB239A366A004F498C /* CollectionViewCell */ = {
			isa = PBXGroup;
			children = (
				E9F3A6AC239A36D8004F498C /* IssuesCollectionViewCell.swift */,
				E9F3A6AD239A36D8004F498C /* IssuesCollectionViewCell.xib */,
			);
			path = CollectionViewCell;
			sourceTree = "<group>";
		};
		E9F3A6B7239A9CEF004F498C /* Utils */ = {
			isa = PBXGroup;
			children = (
				E9F3A6B8239A9D09004F498C /* Constants.swift */,
			);
			path = Utils;
			sourceTree = "<group>";
		};
/* End PBXGroup section */

/* Begin PBXNativeTarget section */
		E921C1D32397FBA9007EB4F5 /* GithubSample */ = {
			isa = PBXNativeTarget;
			buildConfigurationList = E921C1EB2397FBAA007EB4F5 /* Build configuration list for PBXNativeTarget "GithubSample" */;
			buildPhases = (
				E921C1D02397FBA9007EB4F5 /* Sources */,
				E921C1D12397FBA9007EB4F5 /* Frameworks */,
				E921C1D22397FBA9007EB4F5 /* Resources */,
			);
			buildRules = (
			);
			dependencies = (
			);
			name = GithubSample;
			productName = GithubSample;
			productReference = E921C1D42397FBA9007EB4F5 /* GithubSample.app */;
			productType = "com.apple.product-type.application";
		};
/* End PBXNativeTarget section */

/* Begin PBXProject section */
		E921C1CC2397FBA9007EB4F5 /* Project object */ = {
			isa = PBXProject;
			attributes = {
				LastSwiftUpdateCheck = 1100;
				LastUpgradeCheck = 1100;
				ORGANIZATIONNAME = Ezhil;
				TargetAttributes = {
					E921C1D32397FBA9007EB4F5 = {
						CreatedOnToolsVersion = 11.0;
					};
				};
			};
			buildConfigurationList = E921C1CF2397FBA9007EB4F5 /* Build configuration list for PBXProject "GithubSample" */;
			compatibilityVersion = "Xcode 9.3";
			developmentRegion = en;
			hasScannedForEncodings = 0;
			knownRegions = (
				en,
				Base,
			);
			mainGroup = E921C1CB2397FBA9007EB4F5;
			productRefGroup = E921C1D52397FBA9007EB4F5 /* Products */;
			projectDirPath = "";
			projectRoot = "";
			targets = (
				E921C1D32397FBA9007EB4F5 /* GithubSample */,
			);
		};
/* End PBXProject section */

/* Begin PBXResourcesBuildPhase section */
		E921C1D22397FBA9007EB4F5 /* Resources */ = {
			isa = PBXResourcesBuildPhase;
			buildActionMask = 2147483647;
			files = (
				E9F3A6AF239A36D8004F498C /* IssuesCollectionViewCell.xib in Resources */,
				E921C1E72397FBAA007EB4F5 /* LaunchScreen.storyboard in Resources */,
				E921C1E42397FBAA007EB4F5 /* Assets.xcassets in Resources */,
				E921C1DF2397FBA9007EB4F5 /* Main.storyboard in Resources */,
			);
			runOnlyForDeploymentPostprocessing = 0;
		};
/* End PBXResourcesBuildPhase section */

/* Begin PBXSourcesBuildPhase section */
		E921C1D02397FBA9007EB4F5 /* Sources */ = {
			isa = PBXSourcesBuildPhase;
			buildActionMask = 2147483647;
			files = (
				E921C1FF23981D1C007EB4F5 /* Router.swift in Sources */,
				E9F3A6B9239A9D09004F498C /* Constants.swift in Sources */,
				E921C1FA23981AF5007EB4F5 /* ParameterEncoding.swift in Sources */,
				E9F3A6A4239A2A46004F498C /* CustomSegment.swift in Sources */,
				E912AFB7239976B200DF8D83 /* IssueModel.swift in Sources */,
				E921C1F523981A1D007EB4F5 /* RequestTaskType.swift in Sources */,
				E921C1D82397FBA9007EB4F5 /* AppDelegate.swift in Sources */,
				E9F3A6AA239A2E3C004F498C /* DetailViewController.swift in Sources */,
				E9F3A6A6239A2BD1004F498C /* IssuesListViewController.swift in Sources */,
				E9F3A6AE239A36D8004F498C /* IssuesCollectionViewCell.swift in Sources */,
				E921C1F1239819D1007EB4F5 /* RequestSchema.swift in Sources */,
				E9AC6EE42398B8970054B0C4 /* FetchIssuesHandler.swift in Sources */,
				E921C1E22397FBA9007EB4F5 /* GithubSample.xcdatamodeld in Sources */,
				E912AFB423992D0700DF8D83 /* IssuesViewModel.swift in Sources */,
				E921C20323981DCF007EB4F5 /* Environment.swift in Sources */,
				E921C1F723981A3B007EB4F5 /* APIResponse.swift in Sources */,
				E9AC6EE22398AD070054B0C4 /* IssuesEndPoint.swift in Sources */,
				E921C1F3239819E4007EB4F5 /* HttpMethod.swift in Sources */,
				E921C1FC23981C45007EB4F5 /* URLParameterEncoder.swift in Sources */,
				E921C1DA2397FBA9007EB4F5 /* SceneDelegate.swift in Sources */,
			);
			runOnlyForDeploymentPostprocessing = 0;
		};
/* End PBXSourcesBuildPhase section */

/* Begin PBXVariantGroup section */
		E921C1DD2397FBA9007EB4F5 /* Main.storyboard */ = {
			isa = PBXVariantGroup;
			children = (
				E921C1DE2397FBA9007EB4F5 /* Base */,
			);
			name = Main.storyboard;
			sourceTree = "<group>";
		};
		E921C1E52397FBAA007EB4F5 /* LaunchScreen.storyboard */ = {
			isa = PBXVariantGroup;
			children = (
				E921C1E62397FBAA007EB4F5 /* Base */,
			);
			name = LaunchScreen.storyboard;
			sourceTree = "<group>";
		};
/* End PBXVariantGroup section */

/* Begin XCBuildConfiguration section */
		E921C1E92397FBAA007EB4F5 /* Debug */ = {
			isa = XCBuildConfiguration;
			buildSettings = {
				ALWAYS_SEARCH_USER_PATHS = NO;
				CLANG_ANALYZER_NONNULL = YES;
				CLANG_ANALYZER_NUMBER_OBJECT_CONVERSION = YES_AGGRESSIVE;
				CLANG_CXX_LANGUAGE_STANDARD = "gnu++14";
				CLANG_CXX_LIBRARY = "libc++";
				CLANG_ENABLE_MODULES = YES;
				CLANG_ENABLE_OBJC_ARC = YES;
				CLANG_ENABLE_OBJC_WEAK = YES;
				CLANG_WARN_BLOCK_CAPTURE_AUTORELEASING = YES;
				CLANG_WARN_BOOL_CONVERSION = YES;
				CLANG_WARN_COMMA = YES;
				CLANG_WARN_CONSTANT_CONVERSION = YES;
				CLANG_WARN_DEPRECATED_OBJC_IMPLEMENTATIONS = YES;
				CLANG_WARN_DIRECT_OBJC_ISA_USAGE = YES_ERROR;
				CLANG_WARN_DOCUMENTATION_COMMENTS = YES;
				CLANG_WARN_EMPTY_BODY = YES;
				CLANG_WARN_ENUM_CONVERSION = YES;
				CLANG_WARN_INFINITE_RECURSION = YES;
				CLANG_WARN_INT_CONVERSION = YES;
				CLANG_WARN_NON_LITERAL_NULL_CONVERSION = YES;
				CLANG_WARN_OBJC_IMPLICIT_RETAIN_SELF = YES;
				CLANG_WARN_OBJC_LITERAL_CONVERSION = YES;
				CLANG_WARN_OBJC_ROOT_CLASS = YES_ERROR;
				CLANG_WARN_RANGE_LOOP_ANALYSIS = YES;
				CLANG_WARN_STRICT_PROTOTYPES = YES;
				CLANG_WARN_SUSPICIOUS_MOVE = YES;
				CLANG_WARN_UNGUARDED_AVAILABILITY = YES_AGGRESSIVE;
				CLANG_WARN_UNREACHABLE_CODE = YES;
				CLANG_WARN__DUPLICATE_METHOD_MATCH = YES;
				COPY_PHASE_STRIP = NO;
				DEBUG_INFORMATION_FORMAT = dwarf;
				ENABLE_STRICT_OBJC_MSGSEND = YES;
				ENABLE_TESTABILITY = YES;
				GCC_C_LANGUAGE_STANDARD = gnu11;
				GCC_DYNAMIC_NO_PIC = NO;
				GCC_NO_COMMON_BLOCKS = YES;
				GCC_OPTIMIZATION_LEVEL = 0;
				GCC_PREPROCESSOR_DEFINITIONS = (
					"DEBUG=1",
					"$(inherited)",
				);
				GCC_WARN_64_TO_32_BIT_CONVERSION = YES;
				GCC_WARN_ABOUT_RETURN_TYPE = YES_ERROR;
				GCC_WARN_UNDECLARED_SELECTOR = YES;
				GCC_WARN_UNINITIALIZED_AUTOS = YES_AGGRESSIVE;
				GCC_WARN_UNUSED_FUNCTION = YES;
				GCC_WARN_UNUSED_VARIABLE = YES;
				IPHONEOS_DEPLOYMENT_TARGET = 13.0;
				MTL_ENABLE_DEBUG_INFO = INCLUDE_SOURCE;
				MTL_FAST_MATH = YES;
				ONLY_ACTIVE_ARCH = YES;
				SDKROOT = iphoneos;
				SWIFT_ACTIVE_COMPILATION_CONDITIONS = DEBUG;
				SWIFT_OPTIMIZATION_LEVEL = "-Onone";
			};
			name = Debug;
		};
		E921C1EA2397FBAA007EB4F5 /* Release */ = {
			isa = XCBuildConfiguration;
			buildSettings = {
				ALWAYS_SEARCH_USER_PATHS = NO;
				CLANG_ANALYZER_NONNULL = YES;
				CLANG_ANALYZER_NUMBER_OBJECT_CONVERSION = YES_AGGRESSIVE;
				CLANG_CXX_LANGUAGE_STANDARD = "gnu++14";
				CLANG_CXX_LIBRARY = "libc++";
				CLANG_ENABLE_MODULES = YES;
				CLANG_ENABLE_OBJC_ARC = YES;
				CLANG_ENABLE_OBJC_WEAK = YES;
				CLANG_WARN_BLOCK_CAPTURE_AUTORELEASING = YES;
				CLANG_WARN_BOOL_CONVERSION = YES;
				CLANG_WARN_COMMA = YES;
				CLANG_WARN_CONSTANT_CONVERSION = YES;
				CLANG_WARN_DEPRECATED_OBJC_IMPLEMENTATIONS = YES;
				CLANG_WARN_DIRECT_OBJC_ISA_USAGE = YES_ERROR;
				CLANG_WARN_DOCUMENTATION_COMMENTS = YES;
				CLANG_WARN_EMPTY_BODY = YES;
				CLANG_WARN_ENUM_CONVERSION = YES;
				CLANG_WARN_INFINITE_RECURSION = YES;
				CLANG_WARN_INT_CONVERSION = YES;
				CLANG_WARN_NON_LITERAL_NULL_CONVERSION = YES;
				CLANG_WARN_OBJC_IMPLICIT_RETAIN_SELF = YES;
				CLANG_WARN_OBJC_LITERAL_CONVERSION = YES;
				CLANG_WARN_OBJC_ROOT_CLASS = YES_ERROR;
				CLANG_WARN_RANGE_LOOP_ANALYSIS = YES;
				CLANG_WARN_STRICT_PROTOTYPES = YES;
				CLANG_WARN_SUSPICIOUS_MOVE = YES;
				CLANG_WARN_UNGUARDED_AVAILABILITY = YES_AGGRESSIVE;
				CLANG_WARN_UNREACHABLE_CODE = YES;
				CLANG_WARN__DUPLICATE_METHOD_MATCH = YES;
				COPY_PHASE_STRIP = NO;
				DEBUG_INFORMATION_FORMAT = "dwarf-with-dsym";
				ENABLE_NS_ASSERTIONS = NO;
				ENABLE_STRICT_OBJC_MSGSEND = YES;
				GCC_C_LANGUAGE_STANDARD = gnu11;
				GCC_NO_COMMON_BLOCKS = YES;
				GCC_WARN_64_TO_32_BIT_CONVERSION = YES;
				GCC_WARN_ABOUT_RETURN_TYPE = YES_ERROR;
				GCC_WARN_UNDECLARED_SELECTOR = YES;
				GCC_WARN_UNINITIALIZED_AUTOS = YES_AGGRESSIVE;
				GCC_WARN_UNUSED_FUNCTION = YES;
				GCC_WARN_UNUSED_VARIABLE = YES;
				IPHONEOS_DEPLOYMENT_TARGET = 13.0;
				MTL_ENABLE_DEBUG_INFO = NO;
				MTL_FAST_MATH = YES;
				SDKROOT = iphoneos;
				SWIFT_COMPILATION_MODE = wholemodule;
				SWIFT_OPTIMIZATION_LEVEL = "-O";
				VALIDATE_PRODUCT = YES;
			};
			name = Release;
		};
		E921C1EC2397FBAA007EB4F5 /* Debug */ = {
			isa = XCBuildConfiguration;
			buildSettings = {
				ASSETCATALOG_COMPILER_APPICON_NAME = AppIcon;
				CODE_SIGN_STYLE = Automatic;
				DEVELOPMENT_TEAM = 4N7N8D95WX;
				INFOPLIST_FILE = GithubSample/Info.plist;
				IPHONEOS_DEPLOYMENT_TARGET = 11.0;
				LD_RUNPATH_SEARCH_PATHS = (
					"$(inherited)",
					"@executable_path/Frameworks",
				);
				PRODUCT_BUNDLE_IDENTIFIER = com.sample.GithubSample;
				PRODUCT_NAME = "$(TARGET_NAME)";
				SWIFT_VERSION = 5.0;
				TARGETED_DEVICE_FAMILY = 1;
			};
			name = Debug;
		};
		E921C1ED2397FBAA007EB4F5 /* Release */ = {
			isa = XCBuildConfiguration;
			buildSettings = {
				ASSETCATALOG_COMPILER_APPICON_NAME = AppIcon;
				CODE_SIGN_STYLE = Automatic;
				DEVELOPMENT_TEAM = 4N7N8D95WX;
				INFOPLIST_FILE = GithubSample/Info.plist;
				IPHONEOS_DEPLOYMENT_TARGET = 11.0;
				LD_RUNPATH_SEARCH_PATHS = (
					"$(inherited)",
					"@executable_path/Frameworks",
				);
				PRODUCT_BUNDLE_IDENTIFIER = com.sample.GithubSample;
				PRODUCT_NAME = "$(TARGET_NAME)";
				SWIFT_VERSION = 5.0;
				TARGETED_DEVICE_FAMILY = 1;
			};
			name = Release;
		};
/* End XCBuildConfiguration section */

/* Begin XCConfigurationList section */
		E921C1CF2397FBA9007EB4F5 /* Build configuration list for PBXProject "GithubSample" */ = {
			isa = XCConfigurationList;
			buildConfigurations = (
				E921C1E92397FBAA007EB4F5 /* Debug */,
				E921C1EA2397FBAA007EB4F5 /* Release */,
			);
			defaultConfigurationIsVisible = 0;
			defaultConfigurationName = Release;
		};
		E921C1EB2397FBAA007EB4F5 /* Build configuration list for PBXNativeTarget "GithubSample" */ = {
			isa = XCConfigurationList;
			buildConfigurations = (
				E921C1EC2397FBAA007EB4F5 /* Debug */,
				E921C1ED2397FBAA007EB4F5 /* Release */,
			);
			defaultConfigurationIsVisible = 0;
			defaultConfigurationName = Release;
		};
/* End XCConfigurationList section */

/* Begin XCVersionGroup section */
		E921C1E02397FBA9007EB4F5 /* GithubSample.xcdatamodeld */ = {
			isa = XCVersionGroup;
			children = (
				E921C1E12397FBA9007EB4F5 /* GithubSample.xcdatamodel */,
			);
			currentVersion = E921C1E12397FBA9007EB4F5 /* GithubSample.xcdatamodel */;
			path = GithubSample.xcdatamodeld;
			sourceTree = "<group>";
			versionGroupType = wrapper.xcdatamodel;
		};
/* End XCVersionGroup section */
	};
	rootObject = E921C1CC2397FBA9007EB4F5 /* Project object */;
}
